// !$*UTF8*$!
{
	archiveVersion = 1;
	classes = {
	};
	objectVersion = 50;
	objects = {

/* Begin PBXBuildFile section */
		4716664821BEDBD90036ECB7 /* Constants.swift in Sources */ = {isa = PBXBuildFile; fileRef = 4716664721BEDBD90036ECB7 /* Constants.swift */; };
		4716664A21BF11110036ECB7 /* locationController.swift in Sources */ = {isa = PBXBuildFile; fileRef = 4716664921BF11110036ECB7 /* locationController.swift */; };
		4716664C21BF17700036ECB7 /* OnboardingScreenVC.swift in Sources */ = {isa = PBXBuildFile; fileRef = 4716664B21BF17700036ECB7 /* OnboardingScreenVC.swift */; };
		474C289421BB7DBF00874B78 /* notificationBannerEN.png in Resources */ = {isa = PBXBuildFile; fileRef = 474C289221BB7DBF00874B78 /* notificationBannerEN.png */; };
		474C289621BB81A900874B78 /* datePickerBannerEN.png in Resources */ = {isa = PBXBuildFile; fileRef = 474C289521BB81A900874B78 /* datePickerBannerEN.png */; };
		476654B121B2F32E00FC3663 /* AlertController.swift in Sources */ = {isa = PBXBuildFile; fileRef = 476654B021B2F32E00FC3663 /* AlertController.swift */; };
		476654B321B2F38800FC3663 /* TimerController.swift in Sources */ = {isa = PBXBuildFile; fileRef = 476654B221B2F38800FC3663 /* TimerController.swift */; };
		47BD249321B7206700CC6192 /* Alarm.swift in Sources */ = {isa = PBXBuildFile; fileRef = 47BD249221B7206700CC6192 /* Alarm.swift */; };
		47BD249521B742CC00CC6192 /* AlarmController.swift in Sources */ = {isa = PBXBuildFile; fileRef = 47BD249421B742CC00CC6192 /* AlarmController.swift */; };
		47DF81F921B97E8000C0F0FE /* stepDetailExtension.swift in Sources */ = {isa = PBXBuildFile; fileRef = 47DF81F821B97E8000C0F0FE /* stepDetailExtension.swift */; };
		47F09D2F21B9BAE200542722 /* AlarmName.swift in Sources */ = {isa = PBXBuildFile; fileRef = 47F09D2E21B9BAE200542722 /* AlarmName.swift */; };
		7E1DF3F121B19FBE0012BFEE /* GoogleNetworkController.swift in Sources */ = {isa = PBXBuildFile; fileRef = 7E1DF3F021B19FBE0012BFEE /* GoogleNetworkController.swift */; };
		7E1DF3F421B19FE70012BFEE /* ApartmentLocation.swift in Sources */ = {isa = PBXBuildFile; fileRef = 7E1DF3F221B19FE70012BFEE /* ApartmentLocation.swift */; };
		7E1DF3F521B19FE70012BFEE /* MapMarker.swift in Sources */ = {isa = PBXBuildFile; fileRef = 7E1DF3F321B19FE70012BFEE /* MapMarker.swift */; };
		7E1DF3F721B1A0610012BFEE /* MapViewController.swift in Sources */ = {isa = PBXBuildFile; fileRef = 7E1DF3F621B1A0610012BFEE /* MapViewController.swift */; };
		7E1DF3F921B1A15F0012BFEE /* Map.storyboard in Resources */ = {isa = PBXBuildFile; fileRef = 7E1DF3F821B1A15F0012BFEE /* Map.storyboard */; };
		7E59408921B5AC1100C02E61 /* Localizable.strings in Resources */ = {isa = PBXBuildFile; fileRef = 7E59408B21B5AC1100C02E61 /* Localizable.strings */; };
		7E67E29421ADE777007E4103 /* AppDelegate.swift in Sources */ = {isa = PBXBuildFile; fileRef = 7E67E29321ADE777007E4103 /* AppDelegate.swift */; };
		7E67E29921ADE777007E4103 /* Main.storyboard in Resources */ = {isa = PBXBuildFile; fileRef = 7E67E29721ADE777007E4103 /* Main.storyboard */; };
		7E67E29B21ADE778007E4103 /* Assets.xcassets in Resources */ = {isa = PBXBuildFile; fileRef = 7E67E29A21ADE778007E4103 /* Assets.xcassets */; };
		7E686E1C21B85BB20005D5BB /* SelectedApartment.swift in Sources */ = {isa = PBXBuildFile; fileRef = 7E686E1B21B85BB20005D5BB /* SelectedApartment.swift */; };
		7E686E1E21B85BCD0005D5BB /* SelectedApartmentController.swift in Sources */ = {isa = PBXBuildFile; fileRef = 7E686E1D21B85BCD0005D5BB /* SelectedApartmentController.swift */; };
		7EA8381A21B602D400E9B9CE /* Apartment.swift in Sources */ = {isa = PBXBuildFile; fileRef = 7EA8381921B602D400E9B9CE /* Apartment.swift */; };
		810C0BA221BF11FA005B0FB5 /* UIButton+Extensions.swift in Sources */ = {isa = PBXBuildFile; fileRef = 810C0BA121BF11FA005B0FB5 /* UIButton+Extensions.swift */; };
		810C0BA421BF1E9E005B0FB5 /* Onboard.storyboard in Resources */ = {isa = PBXBuildFile; fileRef = 810C0BA321BF1E9E005B0FB5 /* Onboard.storyboard */; };
		81212AED21B5AC5A0082C88B /* DataInputTVCell.swift in Sources */ = {isa = PBXBuildFile; fileRef = 81212AEC21B5AC5A0082C88B /* DataInputTVCell.swift */; };
		81212AEF21B5CCF90082C88B /* DataDisplayTVCell.swift in Sources */ = {isa = PBXBuildFile; fileRef = 81212AEE21B5CCF90082C88B /* DataDisplayTVCell.swift */; };
		8161D47B21B8B30D00F44AC0 /* Launch Screen.storyboard in Resources */ = {isa = PBXBuildFile; fileRef = 8161D47D21B8B30D00F44AC0 /* Launch Screen.storyboard */; };
		8161D48321B8C3E300F44AC0 /* AttributesExpander.swift in Sources */ = {isa = PBXBuildFile; fileRef = 8161D48221B8C3E300F44AC0 /* AttributesExpander.swift */; };
		81871F1121B7079700407E51 /* MapTVCell.swift in Sources */ = {isa = PBXBuildFile; fileRef = 81871F1021B7079700407E51 /* MapTVCell.swift */; };
		818FC57C21B84A6C0084323E /* Rent.swift in Sources */ = {isa = PBXBuildFile; fileRef = 818FC57B21B84A6C0084323E /* Rent.swift */; };
		818FC57E21B84A760084323E /* RentController.swift in Sources */ = {isa = PBXBuildFile; fileRef = 818FC57D21B84A760084323E /* RentController.swift */; };
		818FC59E21B868D30084323E /* UITextField+Extensions.swift in Sources */ = {isa = PBXBuildFile; fileRef = 818FC59D21B868D30084323E /* UITextField+Extensions.swift */; };
		81B7E94E21B1FEC1003A209F /* DatePickerTVCell.swift in Sources */ = {isa = PBXBuildFile; fileRef = 81B7E94D21B1FEC1003A209F /* DatePickerTVCell.swift */; };
		81B7E95021B1FF0E003A209F /* ClickLinkTVCell.swift in Sources */ = {isa = PBXBuildFile; fileRef = 81B7E94F21B1FF0E003A209F /* ClickLinkTVCell.swift */; };
		81CC955E21BB030100CB1B32 /* Section8Apartment.swift in Sources */ = {isa = PBXBuildFile; fileRef = 81CC955D21BB030100CB1B32 /* Section8Apartment.swift */; };
		81CC956221BB048700CB1B32 /* Section8ApartmentController.swift in Sources */ = {isa = PBXBuildFile; fileRef = 81CC956121BB048700CB1B32 /* Section8ApartmentController.swift */; };
		81DD083321AF1D470037F3AA /* Step.swift in Sources */ = {isa = PBXBuildFile; fileRef = 81DD083221AF1D470037F3AA /* Step.swift */; };
		81DD083521AF1E880037F3AA /* StepController.swift in Sources */ = {isa = PBXBuildFile; fileRef = 81DD083421AF1E880037F3AA /* StepController.swift */; };
		81DD083721AF32F20037F3AA /* HomeTVC.swift in Sources */ = {isa = PBXBuildFile; fileRef = 81DD083621AF32F20037F3AA /* HomeTVC.swift */; };
		81DD083B21AF3C010037F3AA /* StepTVCell.swift in Sources */ = {isa = PBXBuildFile; fileRef = 81DD083A21AF3C010037F3AA /* StepTVCell.swift */; };
		81FF0A9121B093B7004A7EDB /* Item.swift in Sources */ = {isa = PBXBuildFile; fileRef = 81FF0A9021B093B7004A7EDB /* Item.swift */; };
		81FF0A9321B095F6004A7EDB /* ItemController.swift in Sources */ = {isa = PBXBuildFile; fileRef = 81FF0A9221B095F6004A7EDB /* ItemController.swift */; };
		81FF0A9521B09BC6004A7EDB /* StepDetailTVC.swift in Sources */ = {isa = PBXBuildFile; fileRef = 81FF0A9421B09BC6004A7EDB /* StepDetailTVC.swift */; };
		81FF0A9721B09EAC004A7EDB /* ParagraphTVCell.swift in Sources */ = {isa = PBXBuildFile; fileRef = 81FF0A9621B09EAC004A7EDB /* ParagraphTVCell.swift */; };
		81FF0A9921B09EBC004A7EDB /* TipTVCell.swift in Sources */ = {isa = PBXBuildFile; fileRef = 81FF0A9821B09EBC004A7EDB /* TipTVCell.swift */; };
		8FFF3E270F8D2C628EDCEA21 /* Pods_Section_8.framework in Frameworks */ = {isa = PBXBuildFile; fileRef = B40F76A9B4F7D68ACCD25A61 /* Pods_Section_8.framework */; };
/* End PBXBuildFile section */

/* Begin PBXFileReference section */
		4716664721BEDBD90036ECB7 /* Constants.swift */ = {isa = PBXFileReference; lastKnownFileType = sourcecode.swift; path = Constants.swift; sourceTree = "<group>"; };
		4716664921BF11110036ECB7 /* locationController.swift */ = {isa = PBXFileReference; lastKnownFileType = sourcecode.swift; path = locationController.swift; sourceTree = "<group>"; };
		4716664B21BF17700036ECB7 /* OnboardingScreenVC.swift */ = {isa = PBXFileReference; lastKnownFileType = sourcecode.swift; path = OnboardingScreenVC.swift; sourceTree = "<group>"; };
		474C289221BB7DBF00874B78 /* notificationBannerEN.png */ = {isa = PBXFileReference; lastKnownFileType = image.png; path = notificationBannerEN.png; sourceTree = "<group>"; };
		474C289521BB81A900874B78 /* datePickerBannerEN.png */ = {isa = PBXFileReference; lastKnownFileType = image.png; path = datePickerBannerEN.png; sourceTree = "<group>"; };
		476654B021B2F32E00FC3663 /* AlertController.swift */ = {isa = PBXFileReference; lastKnownFileType = sourcecode.swift; path = AlertController.swift; sourceTree = "<group>"; };
		476654B221B2F38800FC3663 /* TimerController.swift */ = {isa = PBXFileReference; lastKnownFileType = sourcecode.swift; path = TimerController.swift; sourceTree = "<group>"; };
		47BD249221B7206700CC6192 /* Alarm.swift */ = {isa = PBXFileReference; lastKnownFileType = sourcecode.swift; path = Alarm.swift; sourceTree = "<group>"; };
		47BD249421B742CC00CC6192 /* AlarmController.swift */ = {isa = PBXFileReference; lastKnownFileType = sourcecode.swift; path = AlarmController.swift; sourceTree = "<group>"; };
		47DF81F821B97E8000C0F0FE /* stepDetailExtension.swift */ = {isa = PBXFileReference; lastKnownFileType = sourcecode.swift; path = stepDetailExtension.swift; sourceTree = "<group>"; };
		47F09D2E21B9BAE200542722 /* AlarmName.swift */ = {isa = PBXFileReference; lastKnownFileType = sourcecode.swift; path = AlarmName.swift; sourceTree = "<group>"; };
		7E1DF3F021B19FBE0012BFEE /* GoogleNetworkController.swift */ = {isa = PBXFileReference; fileEncoding = 4; lastKnownFileType = sourcecode.swift; path = GoogleNetworkController.swift; sourceTree = "<group>"; };
		7E1DF3F221B19FE70012BFEE /* ApartmentLocation.swift */ = {isa = PBXFileReference; fileEncoding = 4; lastKnownFileType = sourcecode.swift; path = ApartmentLocation.swift; sourceTree = "<group>"; };
		7E1DF3F321B19FE70012BFEE /* MapMarker.swift */ = {isa = PBXFileReference; fileEncoding = 4; lastKnownFileType = sourcecode.swift; path = MapMarker.swift; sourceTree = "<group>"; };
		7E1DF3F621B1A0610012BFEE /* MapViewController.swift */ = {isa = PBXFileReference; fileEncoding = 4; lastKnownFileType = sourcecode.swift; path = MapViewController.swift; sourceTree = "<group>"; };
		7E1DF3F821B1A15F0012BFEE /* Map.storyboard */ = {isa = PBXFileReference; lastKnownFileType = file.storyboard; path = Map.storyboard; sourceTree = "<group>"; };
		7E59408221B5ABAD00C02E61 /* es-419 */ = {isa = PBXFileReference; lastKnownFileType = text.plist.strings; name = "es-419"; path = "es-419.lproj/Main.strings"; sourceTree = "<group>"; };
		7E59408421B5ABB500C02E61 /* pt-BR */ = {isa = PBXFileReference; lastKnownFileType = text.plist.strings; name = "pt-BR"; path = "pt-BR.lproj/Main.strings"; sourceTree = "<group>"; };
		7E59408A21B5AC1100C02E61 /* en */ = {isa = PBXFileReference; lastKnownFileType = text.plist.strings; name = en; path = en.lproj/Localizable.strings; sourceTree = "<group>"; };
		7E59408C21B5AC1500C02E61 /* es-419 */ = {isa = PBXFileReference; lastKnownFileType = text.plist.strings; name = "es-419"; path = "es-419.lproj/Localizable.strings"; sourceTree = "<group>"; };
		7E59408D21B5AC1800C02E61 /* pt-BR */ = {isa = PBXFileReference; lastKnownFileType = text.plist.strings; name = "pt-BR"; path = "pt-BR.lproj/Localizable.strings"; sourceTree = "<group>"; };
		7E67E29021ADE777007E4103 /* Section 8.app */ = {isa = PBXFileReference; explicitFileType = wrapper.application; includeInIndex = 0; path = "Section 8.app"; sourceTree = BUILT_PRODUCTS_DIR; };
		7E67E29321ADE777007E4103 /* AppDelegate.swift */ = {isa = PBXFileReference; lastKnownFileType = sourcecode.swift; path = AppDelegate.swift; sourceTree = "<group>"; };
		7E67E29821ADE777007E4103 /* Base */ = {isa = PBXFileReference; lastKnownFileType = file.storyboard; name = Base; path = Base.lproj/Main.storyboard; sourceTree = "<group>"; };
		7E67E29A21ADE778007E4103 /* Assets.xcassets */ = {isa = PBXFileReference; lastKnownFileType = folder.assetcatalog; path = Assets.xcassets; sourceTree = "<group>"; };
		7E67E29F21ADE778007E4103 /* Info.plist */ = {isa = PBXFileReference; lastKnownFileType = text.plist.xml; path = Info.plist; sourceTree = "<group>"; };
		7E686E1B21B85BB20005D5BB /* SelectedApartment.swift */ = {isa = PBXFileReference; lastKnownFileType = sourcecode.swift; path = SelectedApartment.swift; sourceTree = "<group>"; };
		7E686E1D21B85BCD0005D5BB /* SelectedApartmentController.swift */ = {isa = PBXFileReference; lastKnownFileType = sourcecode.swift; path = SelectedApartmentController.swift; sourceTree = "<group>"; };
		7EA8381921B602D400E9B9CE /* Apartment.swift */ = {isa = PBXFileReference; lastKnownFileType = sourcecode.swift; path = Apartment.swift; sourceTree = "<group>"; };
		810C0BA121BF11FA005B0FB5 /* UIButton+Extensions.swift */ = {isa = PBXFileReference; lastKnownFileType = sourcecode.swift; path = "UIButton+Extensions.swift"; sourceTree = "<group>"; };
		810C0BA321BF1E9E005B0FB5 /* Onboard.storyboard */ = {isa = PBXFileReference; fileEncoding = 4; lastKnownFileType = file.storyboard; path = Onboard.storyboard; sourceTree = "<group>"; };
		81212AEC21B5AC5A0082C88B /* DataInputTVCell.swift */ = {isa = PBXFileReference; lastKnownFileType = sourcecode.swift; path = DataInputTVCell.swift; sourceTree = "<group>"; };
		81212AEE21B5CCF90082C88B /* DataDisplayTVCell.swift */ = {isa = PBXFileReference; lastKnownFileType = sourcecode.swift; path = DataDisplayTVCell.swift; sourceTree = "<group>"; };
		8161D47C21B8B30D00F44AC0 /* Base */ = {isa = PBXFileReference; lastKnownFileType = file.storyboard; name = Base; path = "Base.lproj/Launch Screen.storyboard"; sourceTree = "<group>"; };
		8161D48121B8B32C00F44AC0 /* es-419 */ = {isa = PBXFileReference; lastKnownFileType = text.plist.strings; name = "es-419"; path = "es-419.lproj/Launch Screen.strings"; sourceTree = "<group>"; };
		8161D48221B8C3E300F44AC0 /* AttributesExpander.swift */ = {isa = PBXFileReference; lastKnownFileType = sourcecode.swift; path = AttributesExpander.swift; sourceTree = "<group>"; };
		81871F1021B7079700407E51 /* MapTVCell.swift */ = {isa = PBXFileReference; lastKnownFileType = sourcecode.swift; path = MapTVCell.swift; sourceTree = "<group>"; };
		818FC57B21B84A6C0084323E /* Rent.swift */ = {isa = PBXFileReference; lastKnownFileType = sourcecode.swift; path = Rent.swift; sourceTree = "<group>"; };
		818FC57D21B84A760084323E /* RentController.swift */ = {isa = PBXFileReference; lastKnownFileType = sourcecode.swift; path = RentController.swift; sourceTree = "<group>"; };
		818FC59D21B868D30084323E /* UITextField+Extensions.swift */ = {isa = PBXFileReference; lastKnownFileType = sourcecode.swift; path = "UITextField+Extensions.swift"; sourceTree = "<group>"; };
		81B7E94D21B1FEC1003A209F /* DatePickerTVCell.swift */ = {isa = PBXFileReference; lastKnownFileType = sourcecode.swift; path = DatePickerTVCell.swift; sourceTree = "<group>"; };
		81B7E94F21B1FF0E003A209F /* ClickLinkTVCell.swift */ = {isa = PBXFileReference; lastKnownFileType = sourcecode.swift; path = ClickLinkTVCell.swift; sourceTree = "<group>"; };
		81CC955D21BB030100CB1B32 /* Section8Apartment.swift */ = {isa = PBXFileReference; lastKnownFileType = sourcecode.swift; path = Section8Apartment.swift; sourceTree = "<group>"; };
		81CC956121BB048700CB1B32 /* Section8ApartmentController.swift */ = {isa = PBXFileReference; lastKnownFileType = sourcecode.swift; path = Section8ApartmentController.swift; sourceTree = "<group>"; };
		81DD083221AF1D470037F3AA /* Step.swift */ = {isa = PBXFileReference; lastKnownFileType = sourcecode.swift; path = Step.swift; sourceTree = "<group>"; };
		81DD083421AF1E880037F3AA /* StepController.swift */ = {isa = PBXFileReference; lastKnownFileType = sourcecode.swift; path = StepController.swift; sourceTree = "<group>"; };
		81DD083621AF32F20037F3AA /* HomeTVC.swift */ = {isa = PBXFileReference; lastKnownFileType = sourcecode.swift; path = HomeTVC.swift; sourceTree = "<group>"; };
		81DD083A21AF3C010037F3AA /* StepTVCell.swift */ = {isa = PBXFileReference; lastKnownFileType = sourcecode.swift; path = StepTVCell.swift; sourceTree = "<group>"; };
		81FF0A9021B093B7004A7EDB /* Item.swift */ = {isa = PBXFileReference; lastKnownFileType = sourcecode.swift; path = Item.swift; sourceTree = "<group>"; };
		81FF0A9221B095F6004A7EDB /* ItemController.swift */ = {isa = PBXFileReference; lastKnownFileType = sourcecode.swift; path = ItemController.swift; sourceTree = "<group>"; };
		81FF0A9421B09BC6004A7EDB /* StepDetailTVC.swift */ = {isa = PBXFileReference; lastKnownFileType = sourcecode.swift; path = StepDetailTVC.swift; sourceTree = "<group>"; };
		81FF0A9621B09EAC004A7EDB /* ParagraphTVCell.swift */ = {isa = PBXFileReference; lastKnownFileType = sourcecode.swift; path = ParagraphTVCell.swift; sourceTree = "<group>"; };
		81FF0A9821B09EBC004A7EDB /* TipTVCell.swift */ = {isa = PBXFileReference; lastKnownFileType = sourcecode.swift; path = TipTVCell.swift; sourceTree = "<group>"; };
		AB5301DFAFD4218170B78427 /* Pods-Section 8.release.xcconfig */ = {isa = PBXFileReference; includeInIndex = 1; lastKnownFileType = text.xcconfig; name = "Pods-Section 8.release.xcconfig"; path = "Pods/Target Support Files/Pods-Section 8/Pods-Section 8.release.xcconfig"; sourceTree = "<group>"; };
		B40F76A9B4F7D68ACCD25A61 /* Pods_Section_8.framework */ = {isa = PBXFileReference; explicitFileType = wrapper.framework; includeInIndex = 0; path = Pods_Section_8.framework; sourceTree = BUILT_PRODUCTS_DIR; };
		F224A78C64900B379E449661 /* Pods-Section 8.debug.xcconfig */ = {isa = PBXFileReference; includeInIndex = 1; lastKnownFileType = text.xcconfig; name = "Pods-Section 8.debug.xcconfig"; path = "Pods/Target Support Files/Pods-Section 8/Pods-Section 8.debug.xcconfig"; sourceTree = "<group>"; };
/* End PBXFileReference section */

/* Begin PBXFrameworksBuildPhase section */
		7E67E28D21ADE777007E4103 /* Frameworks */ = {
			isa = PBXFrameworksBuildPhase;
			buildActionMask = 2147483647;
			files = (
				8FFF3E270F8D2C628EDCEA21 /* Pods_Section_8.framework in Frameworks */,
			);
			runOnlyForDeploymentPostprocessing = 0;
		};
/* End PBXFrameworksBuildPhase section */

/* Begin PBXGroup section */
		2E7F24FA8D1A4071A6E96B47 /* Pods */ = {
			isa = PBXGroup;
			children = (
				F224A78C64900B379E449661 /* Pods-Section 8.debug.xcconfig */,
				AB5301DFAFD4218170B78427 /* Pods-Section 8.release.xcconfig */,
			);
			name = Pods;
			sourceTree = "<group>";
		};
		60D6EFD5C45462F207BD27E5 /* Frameworks */ = {
			isa = PBXGroup;
			children = (
				B40F76A9B4F7D68ACCD25A61 /* Pods_Section_8.framework */,
			);
			name = Frameworks;
			sourceTree = "<group>";
		};
		7E59408621B5ABC800C02E61 /* LocalizationFiles */ = {
			isa = PBXGroup;
			children = (
				7E59408B21B5AC1100C02E61 /* Localizable.strings */,
			);
			path = LocalizationFiles;
			sourceTree = "<group>";
		};
		7E67E28721ADE777007E4103 = {
			isa = PBXGroup;
			children = (
				7E67E29221ADE777007E4103 /* Section 8 */,
				7E67E29121ADE777007E4103 /* Products */,
				2E7F24FA8D1A4071A6E96B47 /* Pods */,
				60D6EFD5C45462F207BD27E5 /* Frameworks */,
			);
			sourceTree = "<group>";
		};
		7E67E29121ADE777007E4103 /* Products */ = {
			isa = PBXGroup;
			children = (
				7E67E29021ADE777007E4103 /* Section 8.app */,
			);
			name = Products;
			sourceTree = "<group>";
		};
		7E67E29221ADE777007E4103 /* Section 8 */ = {
			isa = PBXGroup;
			children = (
				7E67E2A521ADE895007E4103 /* UI */,
				7E67E2A721ADE8A9007E4103 /* Models */,
				7E67E2A821ADE8B1007E4103 /* ModelControllers */,
				7E67E2A921ADE8BB007E4103 /* ViewControllers */,
				7E67E2A621ADE8A2007E4103 /* Views */,
				7E67E2AB21ADE8E2007E4103 /* HelperFiles */,
				7E59408621B5ABC800C02E61 /* LocalizationFiles */,
				81CC956521BB2A8200CB1B32 /* NotificationAssets */,
				7E67E2AA21ADE8CE007E4103 /* Resources */,
			);
			path = "Section 8";
			sourceTree = "<group>";
		};
		7E67E2A521ADE895007E4103 /* UI */ = {
			isa = PBXGroup;
			children = (
				810C0BA321BF1E9E005B0FB5 /* Onboard.storyboard */,
				7E67E29721ADE777007E4103 /* Main.storyboard */,
				7E1DF3F821B1A15F0012BFEE /* Map.storyboard */,
				8161D47D21B8B30D00F44AC0 /* Launch Screen.storyboard */,
			);
			path = UI;
			sourceTree = "<group>";
		};
		7E67E2A621ADE8A2007E4103 /* Views */ = {
			isa = PBXGroup;
			children = (
				81DD083A21AF3C010037F3AA /* StepTVCell.swift */,
				81B7E95121B20236003A209F /* ItemFormats */,
				7E1DF3F321B19FE70012BFEE /* MapMarker.swift */,
			);
			path = Views;
			sourceTree = "<group>";
		};
		7E67E2A721ADE8A9007E4103 /* Models */ = {
			isa = PBXGroup;
			children = (
				81DD083221AF1D470037F3AA /* Step.swift */,
				81FF0A9021B093B7004A7EDB /* Item.swift */,
				7E1DF3F221B19FE70012BFEE /* ApartmentLocation.swift */,
				7EA8381921B602D400E9B9CE /* Apartment.swift */,
				47BD249221B7206700CC6192 /* Alarm.swift */,
				818FC57B21B84A6C0084323E /* Rent.swift */,
				7E686E1B21B85BB20005D5BB /* SelectedApartment.swift */,
				81CC955D21BB030100CB1B32 /* Section8Apartment.swift */,
			);
			path = Models;
			sourceTree = "<group>";
		};
		7E67E2A821ADE8B1007E4103 /* ModelControllers */ = {
			isa = PBXGroup;
			children = (
				81DD083421AF1E880037F3AA /* StepController.swift */,
				81FF0A9221B095F6004A7EDB /* ItemController.swift */,
				47BD249421B742CC00CC6192 /* AlarmController.swift */,
				818FC57D21B84A760084323E /* RentController.swift */,
				7E686E1D21B85BCD0005D5BB /* SelectedApartmentController.swift */,
				81CC956121BB048700CB1B32 /* Section8ApartmentController.swift */,
			);
			path = ModelControllers;
			sourceTree = "<group>";
		};
		7E67E2A921ADE8BB007E4103 /* ViewControllers */ = {
			isa = PBXGroup;
			children = (
				81DD083621AF32F20037F3AA /* HomeTVC.swift */,
				81FF0A9421B09BC6004A7EDB /* StepDetailTVC.swift */,
				7E1DF3F621B1A0610012BFEE /* MapViewController.swift */,
				47DF81F821B97E8000C0F0FE /* stepDetailExtension.swift */,
				4716664B21BF17700036ECB7 /* OnboardingScreenVC.swift */,
			);
			path = ViewControllers;
			sourceTree = "<group>";
		};
		7E67E2AA21ADE8CE007E4103 /* Resources */ = {
			isa = PBXGroup;
			children = (
				7E67E29A21ADE778007E4103 /* Assets.xcassets */,
				7E67E29F21ADE778007E4103 /* Info.plist */,
				7E67E29321ADE777007E4103 /* AppDelegate.swift */,
			);
			path = Resources;
			sourceTree = "<group>";
		};
		7E67E2AB21ADE8E2007E4103 /* HelperFiles */ = {
			isa = PBXGroup;
			children = (
				818FC59D21B868D30084323E /* UITextField+Extensions.swift */,
				810C0BA121BF11FA005B0FB5 /* UIButton+Extensions.swift */,
				7E1DF3F021B19FBE0012BFEE /* GoogleNetworkController.swift */,
				476654B021B2F32E00FC3663 /* AlertController.swift */,
				476654B221B2F38800FC3663 /* TimerController.swift */,
				8161D48221B8C3E300F44AC0 /* AttributesExpander.swift */,
				47F09D2E21B9BAE200542722 /* AlarmName.swift */,
				4716664721BEDBD90036ECB7 /* Constants.swift */,
				4716664921BF11110036ECB7 /* locationController.swift */,
			);
			path = HelperFiles;
			sourceTree = "<group>";
		};
		81B7E95121B20236003A209F /* ItemFormats */ = {
			isa = PBXGroup;
			children = (
				81FF0A9621B09EAC004A7EDB /* ParagraphTVCell.swift */,
				81FF0A9821B09EBC004A7EDB /* TipTVCell.swift */,
				81B7E94F21B1FF0E003A209F /* ClickLinkTVCell.swift */,
				81B7E94D21B1FEC1003A209F /* DatePickerTVCell.swift */,
				81212AEC21B5AC5A0082C88B /* DataInputTVCell.swift */,
				81212AEE21B5CCF90082C88B /* DataDisplayTVCell.swift */,
				81871F1021B7079700407E51 /* MapTVCell.swift */,
			);
			path = ItemFormats;
			sourceTree = "<group>";
		};
		81CC956521BB2A8200CB1B32 /* NotificationAssets */ = {
			isa = PBXGroup;
			children = (
				474C289521BB81A900874B78 /* datePickerBannerEN.png */,
				474C289221BB7DBF00874B78 /* notificationBannerEN.png */,
			);
			path = NotificationAssets;
			sourceTree = "<group>";
		};
/* End PBXGroup section */

/* Begin PBXNativeTarget section */
		7E67E28F21ADE777007E4103 /* Section 8 */ = {
			isa = PBXNativeTarget;
			buildConfigurationList = 7E67E2A221ADE778007E4103 /* Build configuration list for PBXNativeTarget "Section 8" */;
			buildPhases = (
				2122E29ACE60B9BB96D8DABC /* [CP] Check Pods Manifest.lock */,
				7E67E28C21ADE777007E4103 /* Sources */,
				7E67E28D21ADE777007E4103 /* Frameworks */,
				7E67E28E21ADE777007E4103 /* Resources */,
				D2809F20392C933765139DC8 /* [CP] Copy Pods Resources */,
			);
			buildRules = (
			);
			dependencies = (
			);
			name = "Section 8";
			productName = "Section 8";
			productReference = 7E67E29021ADE777007E4103 /* Section 8.app */;
			productType = "com.apple.product-type.application";
		};
/* End PBXNativeTarget section */

/* Begin PBXProject section */
		7E67E28821ADE777007E4103 /* Project object */ = {
			isa = PBXProject;
			attributes = {
				LastSwiftUpdateCheck = 1010;
				LastUpgradeCheck = 1010;
				ORGANIZATIONNAME = Warren;
				TargetAttributes = {
					7E67E28F21ADE777007E4103 = {
						CreatedOnToolsVersion = 10.1;
					};
				};
			};
			buildConfigurationList = 7E67E28B21ADE777007E4103 /* Build configuration list for PBXProject "Section 8" */;
			compatibilityVersion = "Xcode 9.3";
			developmentRegion = en;
			hasScannedForEncodings = 0;
			knownRegions = (
				en,
				Base,
				"es-419",
				"pt-BR",
			);
			mainGroup = 7E67E28721ADE777007E4103;
			productRefGroup = 7E67E29121ADE777007E4103 /* Products */;
			projectDirPath = "";
			projectRoot = "";
			targets = (
				7E67E28F21ADE777007E4103 /* Section 8 */,
			);
		};
/* End PBXProject section */

/* Begin PBXResourcesBuildPhase section */
		7E67E28E21ADE777007E4103 /* Resources */ = {
			isa = PBXResourcesBuildPhase;
			buildActionMask = 2147483647;
			files = (
				7E59408921B5AC1100C02E61 /* Localizable.strings in Resources */,
				7E67E29B21ADE778007E4103 /* Assets.xcassets in Resources */,
				7E67E29921ADE777007E4103 /* Main.storyboard in Resources */,
				7E1DF3F921B1A15F0012BFEE /* Map.storyboard in Resources */,
				474C289421BB7DBF00874B78 /* notificationBannerEN.png in Resources */,
				474C289621BB81A900874B78 /* datePickerBannerEN.png in Resources */,
				810C0BA421BF1E9E005B0FB5 /* Onboard.storyboard in Resources */,
				8161D47B21B8B30D00F44AC0 /* Launch Screen.storyboard in Resources */,
			);
			runOnlyForDeploymentPostprocessing = 0;
		};
/* End PBXResourcesBuildPhase section */

/* Begin PBXShellScriptBuildPhase section */
		2122E29ACE60B9BB96D8DABC /* [CP] Check Pods Manifest.lock */ = {
			isa = PBXShellScriptBuildPhase;
			buildActionMask = 2147483647;
			files = (
			);
			inputFileListPaths = (
			);
			inputPaths = (
				"${PODS_PODFILE_DIR_PATH}/Podfile.lock",
				"${PODS_ROOT}/Manifest.lock",
			);
			name = "[CP] Check Pods Manifest.lock";
			outputFileListPaths = (
			);
			outputPaths = (
				"$(DERIVED_FILE_DIR)/Pods-Section 8-checkManifestLockResult.txt",
			);
			runOnlyForDeploymentPostprocessing = 0;
			shellPath = /bin/sh;
			shellScript = "diff \"${PODS_PODFILE_DIR_PATH}/Podfile.lock\" \"${PODS_ROOT}/Manifest.lock\" > /dev/null\nif [ $? != 0 ] ; then\n    # print error to STDERR\n    echo \"error: The sandbox is not in sync with the Podfile.lock. Run 'pod install' or update your CocoaPods installation.\" >&2\n    exit 1\nfi\n# This output is used by Xcode 'outputs' to avoid re-running this script phase.\necho \"SUCCESS\" > \"${SCRIPT_OUTPUT_FILE_0}\"\n";
			showEnvVarsInLog = 0;
		};
		D2809F20392C933765139DC8 /* [CP] Copy Pods Resources */ = {
			isa = PBXShellScriptBuildPhase;
			buildActionMask = 2147483647;
			files = (
			);
			inputFileListPaths = (
			);
			inputPaths = (
				"${SRCROOT}/Pods/Target Support Files/Pods-Section 8/Pods-Section 8-resources.sh",
				"${PODS_ROOT}/GoogleMaps/Maps/Frameworks/GoogleMaps.framework/Resources/GoogleMaps.bundle",
				"${PODS_ROOT}/GooglePlacePicker/Frameworks/GooglePlacePicker.framework/Resources/GooglePlacePicker.bundle",
				"${PODS_ROOT}/GooglePlaces/Frameworks/GooglePlaces.framework/Resources/GooglePlaces.bundle",
			);
			name = "[CP] Copy Pods Resources";
			outputFileListPaths = (
			);
			outputPaths = (
				"${TARGET_BUILD_DIR}/${UNLOCALIZED_RESOURCES_FOLDER_PATH}/GoogleMaps.bundle",
				"${TARGET_BUILD_DIR}/${UNLOCALIZED_RESOURCES_FOLDER_PATH}/GooglePlacePicker.bundle",
				"${TARGET_BUILD_DIR}/${UNLOCALIZED_RESOURCES_FOLDER_PATH}/GooglePlaces.bundle",
			);
			runOnlyForDeploymentPostprocessing = 0;
			shellPath = /bin/sh;
			shellScript = "\"${SRCROOT}/Pods/Target Support Files/Pods-Section 8/Pods-Section 8-resources.sh\"\n";
			showEnvVarsInLog = 0;
		};
/* End PBXShellScriptBuildPhase section */

/* Begin PBXSourcesBuildPhase section */
		7E67E28C21ADE777007E4103 /* Sources */ = {
			isa = PBXSourcesBuildPhase;
			buildActionMask = 2147483647;
			files = (
				47DF81F921B97E8000C0F0FE /* stepDetailExtension.swift in Sources */,
				7E67E29421ADE777007E4103 /* AppDelegate.swift in Sources */,
				81DD083321AF1D470037F3AA /* Step.swift in Sources */,
				4716664C21BF17700036ECB7 /* OnboardingScreenVC.swift in Sources */,
				81CC955E21BB030100CB1B32 /* Section8Apartment.swift in Sources */,
				8161D48321B8C3E300F44AC0 /* AttributesExpander.swift in Sources */,
				81B7E95021B1FF0E003A209F /* ClickLinkTVCell.swift in Sources */,
				81FF0A9721B09EAC004A7EDB /* ParagraphTVCell.swift in Sources */,
				81212AED21B5AC5A0082C88B /* DataInputTVCell.swift in Sources */,
				81FF0A9521B09BC6004A7EDB /* StepDetailTVC.swift in Sources */,
				7E686E1C21B85BB20005D5BB /* SelectedApartment.swift in Sources */,
				7E1DF3F721B1A0610012BFEE /* MapViewController.swift in Sources */,
				81FF0A9321B095F6004A7EDB /* ItemController.swift in Sources */,
				4716664A21BF11110036ECB7 /* locationController.swift in Sources */,
				81B7E94E21B1FEC1003A209F /* DatePickerTVCell.swift in Sources */,
				476654B121B2F32E00FC3663 /* AlertController.swift in Sources */,
				810C0BA221BF11FA005B0FB5 /* UIButton+Extensions.swift in Sources */,
				47BD249321B7206700CC6192 /* Alarm.swift in Sources */,
				7E1DF3F121B19FBE0012BFEE /* GoogleNetworkController.swift in Sources */,
				81CC956221BB048700CB1B32 /* Section8ApartmentController.swift in Sources */,
				81DD083721AF32F20037F3AA /* HomeTVC.swift in Sources */,
				476654B321B2F38800FC3663 /* TimerController.swift in Sources */,
				81FF0A9121B093B7004A7EDB /* Item.swift in Sources */,
				81FF0A9921B09EBC004A7EDB /* TipTVCell.swift in Sources */,
				47BD249521B742CC00CC6192 /* AlarmController.swift in Sources */,
				81DD083B21AF3C010037F3AA /* StepTVCell.swift in Sources */,
				818FC57E21B84A760084323E /* RentController.swift in Sources */,
				7EA8381A21B602D400E9B9CE /* Apartment.swift in Sources */,
				818FC59E21B868D30084323E /* UITextField+Extensions.swift in Sources */,
				47F09D2F21B9BAE200542722 /* AlarmName.swift in Sources */,
				7E686E1E21B85BCD0005D5BB /* SelectedApartmentController.swift in Sources */,
				81871F1121B7079700407E51 /* MapTVCell.swift in Sources */,
				81212AEF21B5CCF90082C88B /* DataDisplayTVCell.swift in Sources */,
				818FC57C21B84A6C0084323E /* Rent.swift in Sources */,
				81DD083521AF1E880037F3AA /* StepController.swift in Sources */,
				7E1DF3F421B19FE70012BFEE /* ApartmentLocation.swift in Sources */,
				4716664821BEDBD90036ECB7 /* Constants.swift in Sources */,
				7E1DF3F521B19FE70012BFEE /* MapMarker.swift in Sources */,
			);
			runOnlyForDeploymentPostprocessing = 0;
		};
/* End PBXSourcesBuildPhase section */

/* Begin PBXVariantGroup section */
		7E59408B21B5AC1100C02E61 /* Localizable.strings */ = {
			isa = PBXVariantGroup;
			children = (
				7E59408A21B5AC1100C02E61 /* en */,
				7E59408C21B5AC1500C02E61 /* es-419 */,
				7E59408D21B5AC1800C02E61 /* pt-BR */,
			);
			name = Localizable.strings;
			sourceTree = "<group>";
		};
		7E67E29721ADE777007E4103 /* Main.storyboard */ = {
			isa = PBXVariantGroup;
			children = (
				7E67E29821ADE777007E4103 /* Base */,
				7E59408221B5ABAD00C02E61 /* es-419 */,
				7E59408421B5ABB500C02E61 /* pt-BR */,
			);
			name = Main.storyboard;
			sourceTree = "<group>";
		};
		8161D47D21B8B30D00F44AC0 /* Launch Screen.storyboard */ = {
			isa = PBXVariantGroup;
			children = (
				8161D47C21B8B30D00F44AC0 /* Base */,
				8161D48121B8B32C00F44AC0 /* es-419 */,
			);
			name = "Launch Screen.storyboard";
			sourceTree = "<group>";
		};
/* End PBXVariantGroup section */

/* Begin XCBuildConfiguration section */
		7E67E2A021ADE778007E4103 /* Debug */ = {
			isa = XCBuildConfiguration;
			buildSettings = {
				ALWAYS_SEARCH_USER_PATHS = NO;
				CLANG_ANALYZER_LOCALIZABILITY_NONLOCALIZED = YES;
				CLANG_ANALYZER_NONNULL = YES;
				CLANG_ANALYZER_NUMBER_OBJECT_CONVERSION = YES_AGGRESSIVE;
				CLANG_CXX_LANGUAGE_STANDARD = "gnu++14";
				CLANG_CXX_LIBRARY = "libc++";
				CLANG_ENABLE_MODULES = YES;
				CLANG_ENABLE_OBJC_ARC = YES;
				CLANG_ENABLE_OBJC_WEAK = YES;
				CLANG_WARN_BLOCK_CAPTURE_AUTORELEASING = YES;
				CLANG_WARN_BOOL_CONVERSION = YES;
				CLANG_WARN_COMMA = YES;
				CLANG_WARN_CONSTANT_CONVERSION = YES;
				CLANG_WARN_DEPRECATED_OBJC_IMPLEMENTATIONS = YES;
				CLANG_WARN_DIRECT_OBJC_ISA_USAGE = YES_ERROR;
				CLANG_WARN_DOCUMENTATION_COMMENTS = YES;
				CLANG_WARN_EMPTY_BODY = YES;
				CLANG_WARN_ENUM_CONVERSION = YES;
				CLANG_WARN_INFINITE_RECURSION = YES;
				CLANG_WARN_INT_CONVERSION = YES;
				CLANG_WARN_NON_LITERAL_NULL_CONVERSION = YES;
				CLANG_WARN_OBJC_IMPLICIT_RETAIN_SELF = YES;
				CLANG_WARN_OBJC_LITERAL_CONVERSION = YES;
				CLANG_WARN_OBJC_ROOT_CLASS = YES_ERROR;
				CLANG_WARN_RANGE_LOOP_ANALYSIS = YES;
				CLANG_WARN_STRICT_PROTOTYPES = YES;
				CLANG_WARN_SUSPICIOUS_MOVE = YES;
				CLANG_WARN_UNGUARDED_AVAILABILITY = YES_AGGRESSIVE;
				CLANG_WARN_UNREACHABLE_CODE = YES;
				CLANG_WARN__DUPLICATE_METHOD_MATCH = YES;
				CODE_SIGN_IDENTITY = "iPhone Developer";
				COPY_PHASE_STRIP = NO;
				DEBUG_INFORMATION_FORMAT = dwarf;
				ENABLE_STRICT_OBJC_MSGSEND = YES;
				ENABLE_TESTABILITY = YES;
				GCC_C_LANGUAGE_STANDARD = gnu11;
				GCC_DYNAMIC_NO_PIC = NO;
				GCC_NO_COMMON_BLOCKS = YES;
				GCC_OPTIMIZATION_LEVEL = 0;
				GCC_PREPROCESSOR_DEFINITIONS = (
					"DEBUG=1",
					"$(inherited)",
				);
				GCC_WARN_64_TO_32_BIT_CONVERSION = YES;
				GCC_WARN_ABOUT_RETURN_TYPE = YES_ERROR;
				GCC_WARN_UNDECLARED_SELECTOR = YES;
				GCC_WARN_UNINITIALIZED_AUTOS = YES_AGGRESSIVE;
				GCC_WARN_UNUSED_FUNCTION = YES;
				GCC_WARN_UNUSED_VARIABLE = YES;
				IPHONEOS_DEPLOYMENT_TARGET = 12.1;
				MTL_ENABLE_DEBUG_INFO = INCLUDE_SOURCE;
				MTL_FAST_MATH = YES;
				ONLY_ACTIVE_ARCH = YES;
				SDKROOT = iphoneos;
				SWIFT_ACTIVE_COMPILATION_CONDITIONS = DEBUG;
				SWIFT_OPTIMIZATION_LEVEL = "-Onone";
			};
			name = Debug;
		};
		7E67E2A121ADE778007E4103 /* Release */ = {
			isa = XCBuildConfiguration;
			buildSettings = {
				ALWAYS_SEARCH_USER_PATHS = NO;
				CLANG_ANALYZER_LOCALIZABILITY_NONLOCALIZED = YES;
				CLANG_ANALYZER_NONNULL = YES;
				CLANG_ANALYZER_NUMBER_OBJECT_CONVERSION = YES_AGGRESSIVE;
				CLANG_CXX_LANGUAGE_STANDARD = "gnu++14";
				CLANG_CXX_LIBRARY = "libc++";
				CLANG_ENABLE_MODULES = YES;
				CLANG_ENABLE_OBJC_ARC = YES;
				CLANG_ENABLE_OBJC_WEAK = YES;
				CLANG_WARN_BLOCK_CAPTURE_AUTORELEASING = YES;
				CLANG_WARN_BOOL_CONVERSION = YES;
				CLANG_WARN_COMMA = YES;
				CLANG_WARN_CONSTANT_CONVERSION = YES;
				CLANG_WARN_DEPRECATED_OBJC_IMPLEMENTATIONS = YES;
				CLANG_WARN_DIRECT_OBJC_ISA_USAGE = YES_ERROR;
				CLANG_WARN_DOCUMENTATION_COMMENTS = YES;
				CLANG_WARN_EMPTY_BODY = YES;
				CLANG_WARN_ENUM_CONVERSION = YES;
				CLANG_WARN_INFINITE_RECURSION = YES;
				CLANG_WARN_INT_CONVERSION = YES;
				CLANG_WARN_NON_LITERAL_NULL_CONVERSION = YES;
				CLANG_WARN_OBJC_IMPLICIT_RETAIN_SELF = YES;
				CLANG_WARN_OBJC_LITERAL_CONVERSION = YES;
				CLANG_WARN_OBJC_ROOT_CLASS = YES_ERROR;
				CLANG_WARN_RANGE_LOOP_ANALYSIS = YES;
				CLANG_WARN_STRICT_PROTOTYPES = YES;
				CLANG_WARN_SUSPICIOUS_MOVE = YES;
				CLANG_WARN_UNGUARDED_AVAILABILITY = YES_AGGRESSIVE;
				CLANG_WARN_UNREACHABLE_CODE = YES;
				CLANG_WARN__DUPLICATE_METHOD_MATCH = YES;
				CODE_SIGN_IDENTITY = "iPhone Developer";
				COPY_PHASE_STRIP = NO;
				DEBUG_INFORMATION_FORMAT = "dwarf-with-dsym";
				ENABLE_NS_ASSERTIONS = NO;
				ENABLE_STRICT_OBJC_MSGSEND = YES;
				GCC_C_LANGUAGE_STANDARD = gnu11;
				GCC_NO_COMMON_BLOCKS = YES;
				GCC_WARN_64_TO_32_BIT_CONVERSION = YES;
				GCC_WARN_ABOUT_RETURN_TYPE = YES_ERROR;
				GCC_WARN_UNDECLARED_SELECTOR = YES;
				GCC_WARN_UNINITIALIZED_AUTOS = YES_AGGRESSIVE;
				GCC_WARN_UNUSED_FUNCTION = YES;
				GCC_WARN_UNUSED_VARIABLE = YES;
				IPHONEOS_DEPLOYMENT_TARGET = 12.1;
				MTL_ENABLE_DEBUG_INFO = NO;
				MTL_FAST_MATH = YES;
				SDKROOT = iphoneos;
				SWIFT_COMPILATION_MODE = wholemodule;
				SWIFT_OPTIMIZATION_LEVEL = "-O";
				VALIDATE_PRODUCT = YES;
			};
			name = Release;
		};
		7E67E2A321ADE778007E4103 /* Debug */ = {
			isa = XCBuildConfiguration;
			baseConfigurationReference = F224A78C64900B379E449661 /* Pods-Section 8.debug.xcconfig */;
			buildSettings = {
				ASSETCATALOG_COMPILER_APPICON_NAME = AppIcon;
				CODE_SIGN_STYLE = Automatic;
				DEVELOPMENT_TEAM = 466UYFDWDY;
				INFOPLIST_FILE = "$(SRCROOT)/Section 8/Resources/Info.plist";
				LD_RUNPATH_SEARCH_PATHS = (
					"$(inherited)",
					"@executable_path/Frameworks",
				);
				PRODUCT_BUNDLE_IDENTIFIER = com.uts8.section8;
				PRODUCT_NAME = "$(TARGET_NAME)";
				SWIFT_VERSION = 4.2;
				TARGETED_DEVICE_FAMILY = "1,2";
			};
			name = Debug;
		};
		7E67E2A421ADE778007E4103 /* Release */ = {
			isa = XCBuildConfiguration;
			baseConfigurationReference = AB5301DFAFD4218170B78427 /* Pods-Section 8.release.xcconfig */;
			buildSettings = {
				ASSETCATALOG_COMPILER_APPICON_NAME = AppIcon;
				CODE_SIGN_STYLE = Automatic;
				DEVELOPMENT_TEAM = 466UYFDWDY;
				INFOPLIST_FILE = "$(SRCROOT)/Section 8/Resources/Info.plist";
				LD_RUNPATH_SEARCH_PATHS = (
					"$(inherited)",
					"@executable_path/Frameworks",
				);
				PRODUCT_BUNDLE_IDENTIFIER = com.uts8.section8;
				PRODUCT_NAME = "$(TARGET_NAME)";
				SWIFT_VERSION = 4.2;
				TARGETED_DEVICE_FAMILY = "1,2";
			};
			name = Release;
		};
/* End XCBuildConfiguration section */

/* Begin XCConfigurationList section */
		7E67E28B21ADE777007E4103 /* Build configuration list for PBXProject "Section 8" */ = {
			isa = XCConfigurationList;
			buildConfigurations = (
				7E67E2A021ADE778007E4103 /* Debug */,
				7E67E2A121ADE778007E4103 /* Release */,
			);
			defaultConfigurationIsVisible = 0;
			defaultConfigurationName = Release;
		};
		7E67E2A221ADE778007E4103 /* Build configuration list for PBXNativeTarget "Section 8" */ = {
			isa = XCConfigurationList;
			buildConfigurations = (
				7E67E2A321ADE778007E4103 /* Debug */,
				7E67E2A421ADE778007E4103 /* Release */,
			);
			defaultConfigurationIsVisible = 0;
			defaultConfigurationName = Release;
		};
/* End XCConfigurationList section */
	};
	rootObject = 7E67E28821ADE777007E4103 /* Project object */;
}
